{
  "buildMode": "all",
  "features": {
    "promptArguments": true
  },
  "generatedBy": "skillset@0.1.0",
  "items": [
    {
      "fileModes": {
        ".claude/agents/clark.md": "0644"
      },
      "files": [
        ".claude/agents/clark.md"
      ],
      "kind": "project-agent",
      "name": "clark",
      "outputHash": "sha256:18ab7d7203947100e7aef2ecec9887370a7ee2a79d785129a0474e7e9d95bed0",
      "outputPath": ".claude/agents/clark.md",
      "preprocessDependencies": [],
      "skillReferences": [
        {
          "authored": "be-clark",
          "ownership": "managed",
          "rendered": "be-clark"
        },
        {
          "authored": "tenets",
          "ownership": "managed",
          "rendered": "tenets"
        },
        {
          "authored": "clark-pathfinding",
          "ownership": "managed",
          "rendered": "clark-pathfinding"
        },
        {
          "authored": "clark-decision",
          "ownership": "managed",
          "rendered": "clark-decision"
        },
        {
          "authored": "clark-survey",
          "ownership": "managed",
          "rendered": "clark-survey"
        },
        {
          "authored": "trails",
          "ownership": "provider-native",
          "rendered": "trails"
        }
      ],
      "sourceHash": "sha256:3fe4747201242e1c60aac9b6bb9124a4f899aa93286220eba719e17d91adbf50",
      "sourcePath": ".skillset/agents/clark.md",
      "validation": "structured",
      "version": "0.1.0"
    },
    {
      "fileModes": {
        ".claude/agents/lewis.md": "0644"
      },
      "files": [
        ".claude/agents/lewis.md"
      ],
      "kind": "project-agent",
      "name": "lewis",
      "outputHash": "sha256:7c33b7dfc3c2b07084bd494b2aff41ee162af36296ceef1360cab671b1cdfaae",
      "outputPath": ".claude/agents/lewis.md",
      "preprocessDependencies": [],
      "skillReferences": [
        {
          "authored": "be-lewis",
          "ownership": "managed",
          "rendered": "be-lewis"
        }
      ],
      "sourceHash": "sha256:1f79e5a80c7abb0569a01269ab9e446079620d3bbc5fe257997833f7975c5803",
      "sourcePath": ".skillset/agents/lewis.md",
      "validation": "structured",
      "version": "0.1.0"
    },
    {
      "fileModes": {
        ".claude/agents/maintainer.md": "0644"
      },
      "files": [
        ".claude/agents/maintainer.md"
      ],
      "kind": "project-agent",
      "name": "maintainer",
      "outputHash": "sha256:87d8347f266a8bad2146445cb1ea731277b8246567ddcc95c60b03c7e56e1d31",
      "outputPath": ".claude/agents/maintainer.md",
      "preprocessDependencies": [],
      "skillReferences": [
        {
          "authored": "trails-adrs",
          "ownership": "managed",
          "rendered": "trails-adrs"
        }
      ],
      "sourceHash": "sha256:e2d8bda1348cd0e884de48914adebcaf250be49b3dda20218db2510622531526",
      "sourcePath": ".skillset/agents/maintainer.md",
      "validation": "structured",
      "version": "0.1.0"
    },
    {
      "fileModes": {
        ".codex/agents/clark.toml": "0644"
      },
      "files": [
        ".codex/agents/clark.toml"
      ],
      "kind": "project-agent",
      "name": "clark",
      "outputHash": "sha256:19ee52a44bda9125b7fdf48e67eef70c3da2f34a6fbf441c65f4659920dbefd7",
      "outputPath": ".codex/agents/clark.toml",
      "preprocessDependencies": [],
      "skillReferences": [],
      "sourceHash": "sha256:899aa039964610e5cd079bff23599c9fd7029ab1c7208709f16e449c7f7cabbb",
      "sourcePath": ".skillset/agents/clark.md",
      "validation": "structured",
      "version": "0.1.0"
    },
    {
      "fileModes": {
        ".codex/agents/lewis.toml": "0644"
      },
      "files": [
        ".codex/agents/lewis.toml"
      ],
      "kind": "project-agent",
      "name": "lewis",
      "outputHash": "sha256:a6a60fddb71585a3751a0381398d41c786ffcdbec031f9288283378d8d8223a5",
      "outputPath": ".codex/agents/lewis.toml",
      "preprocessDependencies": [],
      "skillReferences": [],
      "sourceHash": "sha256:8e6c20f127eac3ac3716569127ba432cba2d767ae70455ae06c527409a181cff",
      "sourcePath": ".skillset/agents/lewis.md",
      "validation": "structured",
      "version": "0.1.0"
    }
  ],
  "outputRoot": ".",
  "provenanceHash": "sha256:c2c4dc1cc4effaa66e554029c3f61aaa62300dc486e10f0f99321b3dbbb4540c",
  "renderResults": [
    {
      "destination": "agent",
      "evidence": [
        {
          "kind": "docs",
          "ref": "docs/reference/features/agents.md"
        },
        {
          "kind": "provider-overlay",
          "note": "Claude subagent Markdown/frontmatter structure is currently documented in prose; no adopted JSON Schema source is available.",
          "ref": "claude-subagent-frontmatter-overlay"
        },
        {
          "kind": "provider-snapshot",
          "note": "sha256:41303616b5d8d8f13b01380d224e4687846dbf68ae5c4c3ddd1fb80f4762f95a",
          "ref": "claude-subagent",
          "verifiedAt": "2026-06-23"
        }
      ],
      "featureId": "project-agents",
      "outputs": [
        {
          "kind": "project-agent",
          "path": ".claude/agents/clark.md"
        }
      ],
      "schema": "skillset-render-result@2",
      "sourcePath": ".skillset/agents/clark.md",
      "sourceUnit": "agent:clark",
      "status": "rendered",
      "target": "claude"
    },
    {
      "destination": "agent",
      "evidence": [
        {
          "kind": "docs",
          "ref": "docs/reference/features/agents.md"
        },
        {
          "kind": "provider-overlay",
          "note": "Codex custom agent TOML structure is currently documented in prose; no adopted JSON Schema source is available.",
          "ref": "codex-subagent-toml-overlay"
        },
        {
          "kind": "provider-snapshot",
          "note": "sha256:45166b628859b5cecc6d2ecd78561d4ad73e58c4ab7c4cfddda53a3365867cb6",
          "ref": "codex-subagent",
          "verifiedAt": "2026-06-23"
        }
      ],
      "featureId": "project-agents",
      "outputs": [
        {
          "kind": "project-agent",
          "path": ".codex/agents/clark.toml"
        }
      ],
      "schema": "skillset-render-result@2",
      "sourcePath": ".skillset/agents/clark.md",
      "sourceUnit": "agent:clark",
      "status": "transformed",
      "target": "codex"
    },
    {
      "destination": "agent",
      "evidence": [
        {
          "kind": "docs",
          "ref": "docs/reference/features/agents.md"
        },
        {
          "kind": "provider-overlay",
          "note": "Claude subagent Markdown/frontmatter structure is currently documented in prose; no adopted JSON Schema source is available.",
          "ref": "claude-subagent-frontmatter-overlay"
        },
        {
          "kind": "provider-snapshot",
          "note": "sha256:41303616b5d8d8f13b01380d224e4687846dbf68ae5c4c3ddd1fb80f4762f95a",
          "ref": "claude-subagent",
          "verifiedAt": "2026-06-23"
        }
      ],
      "featureId": "project-agents",
      "outputs": [
        {
          "kind": "project-agent",
          "path": ".claude/agents/lewis.md"
        }
      ],
      "schema": "skillset-render-result@2",
      "sourcePath": ".skillset/agents/lewis.md",
      "sourceUnit": "agent:lewis",
      "status": "rendered",
      "target": "claude"
    },
    {
      "destination": "agent",
      "evidence": [
        {
          "kind": "docs",
          "ref": "docs/reference/features/agents.md"
        },
        {
          "kind": "provider-overlay",
          "note": "Codex custom agent TOML structure is currently documented in prose; no adopted JSON Schema source is available.",
          "ref": "codex-subagent-toml-overlay"
        },
        {
          "kind": "provider-snapshot",
          "note": "sha256:45166b628859b5cecc6d2ecd78561d4ad73e58c4ab7c4cfddda53a3365867cb6",
          "ref": "codex-subagent",
          "verifiedAt": "2026-06-23"
        }
      ],
      "featureId": "project-agents",
      "outputs": [
        {
          "kind": "project-agent",
          "path": ".codex/agents/lewis.toml"
        }
      ],
      "schema": "skillset-render-result@2",
      "sourcePath": ".skillset/agents/lewis.md",
      "sourceUnit": "agent:lewis",
      "status": "transformed",
      "target": "codex"
    },
    {
      "destination": "agent",
      "evidence": [
        {
          "kind": "docs",
          "ref": "docs/reference/features/agents.md"
        },
        {
          "kind": "provider-overlay",
          "note": "Claude subagent Markdown/frontmatter structure is currently documented in prose; no adopted JSON Schema source is available.",
          "ref": "claude-subagent-frontmatter-overlay"
        },
        {
          "kind": "provider-snapshot",
          "note": "sha256:41303616b5d8d8f13b01380d224e4687846dbf68ae5c4c3ddd1fb80f4762f95a",
          "ref": "claude-subagent",
          "verifiedAt": "2026-06-23"
        }
      ],
      "featureId": "project-agents",
      "outputs": [
        {
          "kind": "project-agent",
          "path": ".claude/agents/maintainer.md"
        }
      ],
      "schema": "skillset-render-result@2",
      "sourcePath": ".skillset/agents/maintainer.md",
      "sourceUnit": "agent:maintainer",
      "status": "rendered",
      "target": "claude"
    },
    {
      "destination": "agents",
      "evidence": [
        {
          "kind": "external-docs",
          "note": "Agent Plugins 1.0 1.0.0 schema",
          "ref": "https://raw.githubusercontent.com/agentplugins/agent-plugins-spec/1fc1b6270e3cc492ec2d24ad7a34277c6d53b9c1/schemas/1.0.0/mcp.schema.json",
          "verifiedAt": "2026-09-12T15:34:39.000Z"
        },
        {
          "kind": "external-docs",
          "note": "Agent Plugins 1.0 1.0.0 schema",
          "ref": "https://raw.githubusercontent.com/agentplugins/agent-plugins-spec/1fc1b6270e3cc492ec2d24ad7a34277c6d53b9c1/schemas/1.0.0/plugin.schema.json",
          "verifiedAt": "2026-09-12T15:34:39.000Z"
        },
        {
          "kind": "external-docs",
          "note": "Agent Plugins 1.0 1.0.0 specification",
          "ref": "https://raw.githubusercontent.com/agentplugins/agent-plugins-spec/1fc1b6270e3cc492ec2d24ad7a34277c6d53b9c1/spec/1.0.0.md",
          "verifiedAt": "2026-09-12T15:34:39.000Z"
        }
      ],
      "featureId": "plugin-agents",
      "policy": "unsupported:warn",
      "reason": "agent-plugins-1.0 does not declare plugin-agents in its support envelope",
      "schema": "skillset-render-result@2",
      "sourcePath": ".skillset/plugins/trails/agents",
      "sourceUnit": "plugin.trails.feature:agents",
      "standardProfile": "agent-plugins-1.0",
      "status": "unsupported"
    }
  ],
  "schemaVersion": 3,
  "selectedStandards": [
    "agent-plugins-1.0",
    "agent-skills"
  ],
  "selectedTargets": [
    "claude",
    "codex"
  ],
  "skillsetMetadata": true,
  "sourceRoot": ".skillset",
  "standardProfileEvidence": {
    "agent-plugins-1.0": "sha256:f1b89300d6c879de1c7a89f060faee2e6e6c76c71bbbcd9b0909d8ec00c18984",
    "agent-skills": "sha256:984d0c3d846d1a89cb0fdadb09f2bb82e476dd81217688cfeab3ecdee16e58b2"
  },
  "target": "workspace"
}
