{
  "buildMode": "all",
  "features": {
    "promptArguments": true
  },
  "generatedBy": "skillset@0.1.0",
  "items": [
    {
      "fileModes": {
        ".claude/agents/clark.md": "0644"
      },
      "files": [
        ".claude/agents/clark.md"
      ],
      "kind": "project-agent",
      "name": "clark",
      "outputHash": "sha256:d357788cabbf1751c094e31ce78a913193b3eeca6a17793f90611765000d969e",
      "outputPath": ".claude/agents/clark.md",
      "preprocessDependencies": [],
      "skillReferences": [
        {
          "authored": "be-clark",
          "ownership": "managed",
          "rendered": "be-clark"
        },
        {
          "authored": "clark-pathfinding",
          "ownership": "managed",
          "rendered": "clark-pathfinding"
        },
        {
          "authored": "clark-decision",
          "ownership": "managed",
          "rendered": "clark-decision"
        },
        {
          "authored": "clark-survey",
          "ownership": "managed",
          "rendered": "clark-survey"
        },
        {
          "authored": "trails",
          "ownership": "provider-native",
          "rendered": "trails"
        }
      ],
      "sourceHash": "sha256:0726426e9fe02c3be589c80392ccc57b5ae5c4a515a7b0a1a7d195e3c9db1d60",
      "sourcePath": ".skillset/agents/clark.md",
      "validation": "structured",
      "version": "0.1.0"
    },
    {
      "fileModes": {
        ".claude/agents/lewis.md": "0644"
      },
      "files": [
        ".claude/agents/lewis.md"
      ],
      "kind": "project-agent",
      "name": "lewis",
      "outputHash": "sha256:7c33b7dfc3c2b07084bd494b2aff41ee162af36296ceef1360cab671b1cdfaae",
      "outputPath": ".claude/agents/lewis.md",
      "preprocessDependencies": [],
      "skillReferences": [
        {
          "authored": "be-lewis",
          "ownership": "managed",
          "rendered": "be-lewis"
        }
      ],
      "sourceHash": "sha256:1f79e5a80c7abb0569a01269ab9e446079620d3bbc5fe257997833f7975c5803",
      "sourcePath": ".skillset/agents/lewis.md",
      "validation": "structured",
      "version": "0.1.0"
    },
    {
      "fileModes": {
        ".claude/agents/maintainer.md": "0644"
      },
      "files": [
        ".claude/agents/maintainer.md"
      ],
      "kind": "project-agent",
      "name": "maintainer",
      "outputHash": "sha256:b9c9df1317318ed6476e595bf0900700d275d8ab845af2a45e36412d93d3b2a4",
      "outputPath": ".claude/agents/maintainer.md",
      "preprocessDependencies": [],
      "skillReferences": [],
      "sourceHash": "sha256:fa09a8563f20203f25541ef6c66bca7494233a0e59bdc72b31f0a1ff1b8f825a",
      "sourcePath": ".skillset/agents/maintainer.md",
      "validation": "structured",
      "version": "0.1.0"
    },
    {
      "fileModes": {
        ".codex/agents/clark.toml": "0644"
      },
      "files": [
        ".codex/agents/clark.toml"
      ],
      "kind": "project-agent",
      "name": "clark",
      "outputHash": "sha256:19ee52a44bda9125b7fdf48e67eef70c3da2f34a6fbf441c65f4659920dbefd7",
      "outputPath": ".codex/agents/clark.toml",
      "preprocessDependencies": [],
      "skillReferences": [],
      "sourceHash": "sha256:13e07dbc75152d0e4a935d179419e6b1f371721dcd06246deed5e85396181cb7",
      "sourcePath": ".skillset/agents/clark.md",
      "validation": "structured",
      "version": "0.1.0"
    },
    {
      "fileModes": {
        ".codex/agents/lewis.toml": "0644"
      },
      "files": [
        ".codex/agents/lewis.toml"
      ],
      "kind": "project-agent",
      "name": "lewis",
      "outputHash": "sha256:a6a60fddb71585a3751a0381398d41c786ffcdbec031f9288283378d8d8223a5",
      "outputPath": ".codex/agents/lewis.toml",
      "preprocessDependencies": [],
      "skillReferences": [],
      "sourceHash": "sha256:8e6c20f127eac3ac3716569127ba432cba2d767ae70455ae06c527409a181cff",
      "sourcePath": ".skillset/agents/lewis.md",
      "validation": "structured",
      "version": "0.1.0"
    },
    {
      "feature": "plugin",
      "fileModes": {
        ".skillset/plugins/trails-dev/CHANGELOG.md": "0644"
      },
      "files": [
        ".skillset/plugins/trails-dev/CHANGELOG.md"
      ],
      "kind": "changelog",
      "name": "trails-dev",
      "outputHash": "sha256:4e5cae508625cb2f53f79dcec2ed6e4c7d7fc8705869ee25539eacaf9aed24ed",
      "outputPath": ".skillset/plugins/trails-dev/CHANGELOG.md",
      "sourceHash": "sha256:dec408955185cb93fd29098fc4d2a28e38716c92ac956e97f36df6f3a0d933cb",
      "sourcePath": ".skillset/plugins/trails-dev/skillset.yaml",
      "targetState": "generated",
      "validation": "structured"
    },
    {
      "feature": "plugin",
      "fileModes": {
        ".skillset/plugins/trails/CHANGELOG.md": "0644"
      },
      "files": [
        ".skillset/plugins/trails/CHANGELOG.md"
      ],
      "kind": "changelog",
      "name": "trails",
      "outputHash": "sha256:2e034a9d4558ab654bcbf72685af2971fc4e41da42d84f0e35c17b6c49dd2db7",
      "outputPath": ".skillset/plugins/trails/CHANGELOG.md",
      "sourceHash": "sha256:a43d0085ba24c16aa46cc484748de4f47f6eed549549b1fb6fba26739427db77",
      "sourcePath": ".skillset/plugins/trails/skillset.yaml",
      "targetState": "generated",
      "validation": "structured"
    },
    {
      "feature": "skill",
      "fileModes": {
        ".skillset/skills/be-clark/CHANGELOG.md": "0644"
      },
      "files": [
        ".skillset/skills/be-clark/CHANGELOG.md"
      ],
      "kind": "changelog",
      "name": "be-clark",
      "outputHash": "sha256:f3a31c0357c94b8152d32e03d7cc851e220248f5ef7bc4b2037e427bd3d34dfe",
      "outputPath": ".skillset/skills/be-clark/CHANGELOG.md",
      "sourceHash": "sha256:0cbccd927b933a8ae3d163a296cb4fc35039516e9cf3cfdbe9091f006556cee5",
      "sourcePath": ".skillset/skills/be-clark/SKILL.md",
      "targetState": "generated",
      "validation": "structured"
    },
    {
      "feature": "skill",
      "fileModes": {
        ".skillset/skills/clark-decision/CHANGELOG.md": "0644"
      },
      "files": [
        ".skillset/skills/clark-decision/CHANGELOG.md"
      ],
      "kind": "changelog",
      "name": "clark-decision",
      "outputHash": "sha256:98726f85a5a2d084e797b5ae379cbb7abade41bd8eb3b1e9117e2c701220e0da",
      "outputPath": ".skillset/skills/clark-decision/CHANGELOG.md",
      "sourceHash": "sha256:72ac070ad43a4de83fc9a1e5e5897f83ecac47fb2ebbed2734d005af511b7636",
      "sourcePath": ".skillset/skills/clark-decision/SKILL.md",
      "targetState": "generated",
      "validation": "structured"
    },
    {
      "feature": "skill",
      "fileModes": {
        ".skillset/skills/clark-survey/CHANGELOG.md": "0644"
      },
      "files": [
        ".skillset/skills/clark-survey/CHANGELOG.md"
      ],
      "kind": "changelog",
      "name": "clark-survey",
      "outputHash": "sha256:15ab041349673d2fd7ccc34005efdc73151b6c73c4fa0964c8c2d7caa2ca5027",
      "outputPath": ".skillset/skills/clark-survey/CHANGELOG.md",
      "sourceHash": "sha256:179f5364c0fe761d807c9b889e0f38461dd7a5643ff6673d4ab4d9ee80291c96",
      "sourcePath": ".skillset/skills/clark-survey/SKILL.md",
      "targetState": "generated",
      "validation": "structured"
    }
  ],
  "marketplaces": {
    "activeCatalogs": {
      "claude": "trails"
    },
    "entries": [
      {
        "catalog": "trails",
        "entryId": "trails",
        "generatedPath": "plugin/.claude-plugin/plugin.json",
        "generatedPaths": [
          ".claude-plugin/marketplace.json",
          "plugin/.claude-plugin/plugin.json",
          "plugin/LICENSE.txt",
          "plugin/README.md",
          "plugin/agents/trail-engineer.md",
          "plugin/hooks/detect-trails.sh",
          "plugin/hooks/hooks.json",
          "plugin/rules/lexicon.md",
          "plugin/rules/patterns.md",
          "plugin/skills/trails-error-format/LICENSE.txt",
          "plugin/skills/trails-error-format/SKILL.md",
          "plugin/skills/trails/LICENSE.txt",
          "plugin/skills/trails/SKILL.md",
          "plugin/skills/trails/examples/cli-command.md",
          "plugin/skills/trails/examples/composition.md",
          "plugin/skills/trails/examples/express-handler.md",
          "plugin/skills/trails/examples/mcp-tool.md",
          "plugin/skills/trails/examples/patterns.md",
          "plugin/skills/trails/references/architecture.md",
          "plugin/skills/trails/references/cli-surface.md",
          "plugin/skills/trails/references/common-pitfalls.md",
          "plugin/skills/trails/references/contract-patterns.md",
          "plugin/skills/trails/references/error-taxonomy.md",
          "plugin/skills/trails/references/getting-started.md",
          "plugin/skills/trails/references/http-surface.md",
          "plugin/skills/trails/references/mcp-surface.md",
          "plugin/skills/trails/references/migration-checklist.md",
          "plugin/skills/trails/references/testing-patterns.md",
          "plugin/skills/trails/references/warden-guide.md",
          "plugin/skills/trails/templates/composition.md",
          "plugin/skills/trails/templates/trail.md"
        ],
        "plugin": "trails",
        "providerSource": "./plugin",
        "readiness": "marketplace-ready",
        "requested": {
          "kind": "local"
        },
        "requestedTarget": "claude",
        "resolved": {
          "generatedPath": "plugin/.claude-plugin/plugin.json",
          "generatedPaths": [
            ".claude-plugin/marketplace.json",
            "plugin/.claude-plugin/plugin.json",
            "plugin/LICENSE.txt",
            "plugin/README.md",
            "plugin/agents/trail-engineer.md",
            "plugin/hooks/detect-trails.sh",
            "plugin/hooks/hooks.json",
            "plugin/rules/lexicon.md",
            "plugin/rules/patterns.md",
            "plugin/skills/trails-error-format/LICENSE.txt",
            "plugin/skills/trails-error-format/SKILL.md",
            "plugin/skills/trails/LICENSE.txt",
            "plugin/skills/trails/SKILL.md",
            "plugin/skills/trails/examples/cli-command.md",
            "plugin/skills/trails/examples/composition.md",
            "plugin/skills/trails/examples/express-handler.md",
            "plugin/skills/trails/examples/mcp-tool.md",
            "plugin/skills/trails/examples/patterns.md",
            "plugin/skills/trails/references/architecture.md",
            "plugin/skills/trails/references/cli-surface.md",
            "plugin/skills/trails/references/common-pitfalls.md",
            "plugin/skills/trails/references/contract-patterns.md",
            "plugin/skills/trails/references/error-taxonomy.md",
            "plugin/skills/trails/references/getting-started.md",
            "plugin/skills/trails/references/http-surface.md",
            "plugin/skills/trails/references/mcp-surface.md",
            "plugin/skills/trails/references/migration-checklist.md",
            "plugin/skills/trails/references/testing-patterns.md",
            "plugin/skills/trails/references/warden-guide.md",
            "plugin/skills/trails/templates/composition.md",
            "plugin/skills/trails/templates/trail.md"
          ],
          "pluginVersion": "0.4.0",
          "providerSource": "./plugin",
          "ref": "trl-1363-settle-trails-plugin-version-ownership-and-distribution",
          "sha": "27d31e9adc80b05929039adf4cb8a1b80a5f40d1",
          "sourceKind": "current"
        }
      },
      {
        "catalog": "trails",
        "entryId": "trails-dev",
        "generatedPath": "plugin-dev/.claude-plugin/plugin.json",
        "generatedPaths": [
          ".claude-plugin/marketplace.json",
          "plugin-dev/.claude-plugin/plugin.json",
          "plugin-dev/LICENSE.txt",
          "plugin-dev/README.md",
          "plugin-dev/skills/building-trails/LICENSE.txt",
          "plugin-dev/skills/building-trails/SKILL.md",
          "plugin-dev/skills/regrade-loop/LICENSE.txt",
          "plugin-dev/skills/regrade-loop/SKILL.md",
          "plugin-dev/skills/tenets/LICENSE.txt",
          "plugin-dev/skills/tenets/SKILL.md",
          "plugin-dev/skills/trails-adrs/LICENSE.txt",
          "plugin-dev/skills/trails-adrs/SKILL.md",
          "plugin-dev/skills/trails-adrs/assets/adr-management.md",
          "plugin-dev/skills/trails-adrs/scripts/__tests__/promote-rewrite.test.ts",
          "plugin-dev/skills/trails-adrs/scripts/adr.ts",
          "plugin-dev/skills/trails-adrs/scripts/lib/cli.ts",
          "plugin-dev/skills/trails-adrs/scripts/lib/decision-map.ts",
          "plugin-dev/skills/trails-adrs/scripts/lib/discovery.ts",
          "plugin-dev/skills/trails-adrs/scripts/lib/frontmatter.ts",
          "plugin-dev/skills/trails-adrs/scripts/lib/git.ts",
          "plugin-dev/skills/trails-adrs/scripts/lib/index.ts",
          "plugin-dev/skills/trails-adrs/scripts/lib/paths.ts",
          "plugin-dev/skills/trails-adrs/scripts/lib/references.ts",
          "plugin-dev/skills/trails-derive-from-source/LICENSE.txt",
          "plugin-dev/skills/trails-derive-from-source/SKILL.md",
          "plugin-dev/skills/trails-discriminate-union/LICENSE.txt",
          "plugin-dev/skills/trails-discriminate-union/SKILL.md",
          "plugin-dev/skills/trails-dogfood-check/LICENSE.txt",
          "plugin-dev/skills/trails-dogfood-check/SKILL.md",
          "plugin-dev/skills/trails-editorial/LICENSE.txt",
          "plugin-dev/skills/trails-editorial/SKILL.md",
          "plugin-dev/skills/trails-editorial/assets/SAMPLES.md",
          "plugin-dev/skills/trails-language-styleguide/LICENSE.txt",
          "plugin-dev/skills/trails-language-styleguide/SKILL.md",
          "plugin-dev/skills/trails-primitive-parity/LICENSE.txt",
          "plugin-dev/skills/trails-primitive-parity/SKILL.md",
          "plugin-dev/skills/trails-warden-advisory/LICENSE.txt",
          "plugin-dev/skills/trails-warden-advisory/SKILL.md",
          "plugin-dev/skills/trails-writing-docs/LICENSE.txt",
          "plugin-dev/skills/trails-writing-docs/SKILL.md",
          "plugin-dev/skills/trails-writing-style/LICENSE.txt",
          "plugin-dev/skills/trails-writing-style/SKILL.md",
          "plugin-dev/skills/trails-writing-voice/LICENSE.txt",
          "plugin-dev/skills/trails-writing-voice/SKILL.md"
        ],
        "plugin": "trails-dev",
        "providerSource": "./plugin-dev",
        "readiness": "marketplace-ready",
        "requested": {
          "kind": "local"
        },
        "requestedTarget": "claude",
        "resolved": {
          "generatedPath": "plugin-dev/.claude-plugin/plugin.json",
          "generatedPaths": [
            ".claude-plugin/marketplace.json",
            "plugin-dev/.claude-plugin/plugin.json",
            "plugin-dev/LICENSE.txt",
            "plugin-dev/README.md",
            "plugin-dev/skills/building-trails/LICENSE.txt",
            "plugin-dev/skills/building-trails/SKILL.md",
            "plugin-dev/skills/regrade-loop/LICENSE.txt",
            "plugin-dev/skills/regrade-loop/SKILL.md",
            "plugin-dev/skills/tenets/LICENSE.txt",
            "plugin-dev/skills/tenets/SKILL.md",
            "plugin-dev/skills/trails-adrs/LICENSE.txt",
            "plugin-dev/skills/trails-adrs/SKILL.md",
            "plugin-dev/skills/trails-adrs/assets/adr-management.md",
            "plugin-dev/skills/trails-adrs/scripts/__tests__/promote-rewrite.test.ts",
            "plugin-dev/skills/trails-adrs/scripts/adr.ts",
            "plugin-dev/skills/trails-adrs/scripts/lib/cli.ts",
            "plugin-dev/skills/trails-adrs/scripts/lib/decision-map.ts",
            "plugin-dev/skills/trails-adrs/scripts/lib/discovery.ts",
            "plugin-dev/skills/trails-adrs/scripts/lib/frontmatter.ts",
            "plugin-dev/skills/trails-adrs/scripts/lib/git.ts",
            "plugin-dev/skills/trails-adrs/scripts/lib/index.ts",
            "plugin-dev/skills/trails-adrs/scripts/lib/paths.ts",
            "plugin-dev/skills/trails-adrs/scripts/lib/references.ts",
            "plugin-dev/skills/trails-derive-from-source/LICENSE.txt",
            "plugin-dev/skills/trails-derive-from-source/SKILL.md",
            "plugin-dev/skills/trails-discriminate-union/LICENSE.txt",
            "plugin-dev/skills/trails-discriminate-union/SKILL.md",
            "plugin-dev/skills/trails-dogfood-check/LICENSE.txt",
            "plugin-dev/skills/trails-dogfood-check/SKILL.md",
            "plugin-dev/skills/trails-editorial/LICENSE.txt",
            "plugin-dev/skills/trails-editorial/SKILL.md",
            "plugin-dev/skills/trails-editorial/assets/SAMPLES.md",
            "plugin-dev/skills/trails-language-styleguide/LICENSE.txt",
            "plugin-dev/skills/trails-language-styleguide/SKILL.md",
            "plugin-dev/skills/trails-primitive-parity/LICENSE.txt",
            "plugin-dev/skills/trails-primitive-parity/SKILL.md",
            "plugin-dev/skills/trails-warden-advisory/LICENSE.txt",
            "plugin-dev/skills/trails-warden-advisory/SKILL.md",
            "plugin-dev/skills/trails-writing-docs/LICENSE.txt",
            "plugin-dev/skills/trails-writing-docs/SKILL.md",
            "plugin-dev/skills/trails-writing-style/LICENSE.txt",
            "plugin-dev/skills/trails-writing-style/SKILL.md",
            "plugin-dev/skills/trails-writing-voice/LICENSE.txt",
            "plugin-dev/skills/trails-writing-voice/SKILL.md"
          ],
          "pluginVersion": "0.1.0",
          "providerSource": "./plugin-dev",
          "ref": "trl-1363-settle-trails-plugin-version-ownership-and-distribution",
          "sha": "27d31e9adc80b05929039adf4cb8a1b80a5f40d1",
          "sourceKind": "current"
        }
      }
    ]
  },
  "outputRoot": ".",
  "provenanceHash": "sha256:7189759005029a7f6ff1114689af3cc2fdc350260eee44068ec37e396de6707e",
  "renderResults": [
    {
      "destination": "changelog",
      "evidence": [
        {
          "kind": "test",
          "note": "SET-38 release apply coverage",
          "ref": "apps/skillset/src/__tests__/contract.test.ts"
        }
      ],
      "featureId": "releases",
      "outputs": [
        {
          "kind": "changelog",
          "path": ".skillset/plugins/trails-dev/CHANGELOG.md"
        }
      ],
      "schema": "skillset-render-result@2",
      "sourcePath": ".skillset/plugins/trails-dev/skillset.yaml",
      "sourceUnit": ".skillset/plugins/trails-dev/skillset.yaml",
      "status": "metadata_only"
    },
    {
      "destination": "changelog",
      "evidence": [
        {
          "kind": "test",
          "note": "SET-38 release apply coverage",
          "ref": "apps/skillset/src/__tests__/contract.test.ts"
        }
      ],
      "featureId": "releases",
      "outputs": [
        {
          "kind": "changelog",
          "path": ".skillset/plugins/trails/CHANGELOG.md"
        }
      ],
      "schema": "skillset-render-result@2",
      "sourcePath": ".skillset/plugins/trails/skillset.yaml",
      "sourceUnit": ".skillset/plugins/trails/skillset.yaml",
      "status": "metadata_only"
    },
    {
      "destination": "changelog",
      "evidence": [
        {
          "kind": "test",
          "note": "SET-38 release apply coverage",
          "ref": "apps/skillset/src/__tests__/contract.test.ts"
        }
      ],
      "featureId": "releases",
      "outputs": [
        {
          "kind": "changelog",
          "path": ".skillset/skills/be-clark/CHANGELOG.md"
        }
      ],
      "schema": "skillset-render-result@2",
      "sourcePath": ".skillset/skills/be-clark/SKILL.md",
      "sourceUnit": ".skillset/skills/be-clark/SKILL.md",
      "status": "metadata_only"
    },
    {
      "destination": "changelog",
      "evidence": [
        {
          "kind": "test",
          "note": "SET-38 release apply coverage",
          "ref": "apps/skillset/src/__tests__/contract.test.ts"
        }
      ],
      "featureId": "releases",
      "outputs": [
        {
          "kind": "changelog",
          "path": ".skillset/skills/clark-decision/CHANGELOG.md"
        }
      ],
      "schema": "skillset-render-result@2",
      "sourcePath": ".skillset/skills/clark-decision/SKILL.md",
      "sourceUnit": ".skillset/skills/clark-decision/SKILL.md",
      "status": "metadata_only"
    },
    {
      "destination": "changelog",
      "evidence": [
        {
          "kind": "test",
          "note": "SET-38 release apply coverage",
          "ref": "apps/skillset/src/__tests__/contract.test.ts"
        }
      ],
      "featureId": "releases",
      "outputs": [
        {
          "kind": "changelog",
          "path": ".skillset/skills/clark-survey/CHANGELOG.md"
        }
      ],
      "schema": "skillset-render-result@2",
      "sourcePath": ".skillset/skills/clark-survey/SKILL.md",
      "sourceUnit": ".skillset/skills/clark-survey/SKILL.md",
      "status": "metadata_only"
    },
    {
      "destination": "agent",
      "evidence": [
        {
          "kind": "docs",
          "ref": "docs/reference/features/agents.md"
        },
        {
          "kind": "provider-overlay",
          "note": "Claude subagent Markdown/frontmatter structure is currently documented in prose; no adopted JSON Schema source is available.",
          "ref": "claude-subagent-frontmatter-overlay"
        },
        {
          "kind": "provider-snapshot",
          "note": "sha256:41303616b5d8d8f13b01380d224e4687846dbf68ae5c4c3ddd1fb80f4762f95a",
          "ref": "claude-subagent",
          "verifiedAt": "2026-06-23"
        }
      ],
      "featureId": "project-agents",
      "outputs": [
        {
          "kind": "project-agent",
          "path": ".claude/agents/clark.md"
        }
      ],
      "schema": "skillset-render-result@2",
      "sourcePath": ".skillset/agents/clark.md",
      "sourceUnit": "agent:clark",
      "status": "rendered",
      "target": "claude"
    },
    {
      "destination": "agent",
      "evidence": [
        {
          "kind": "docs",
          "ref": "docs/reference/features/agents.md"
        },
        {
          "kind": "provider-overlay",
          "note": "Codex custom agent TOML structure is currently documented in prose; no adopted JSON Schema source is available.",
          "ref": "codex-subagent-toml-overlay"
        },
        {
          "kind": "provider-snapshot",
          "note": "sha256:45166b628859b5cecc6d2ecd78561d4ad73e58c4ab7c4cfddda53a3365867cb6",
          "ref": "codex-subagent",
          "verifiedAt": "2026-06-23"
        }
      ],
      "featureId": "project-agents",
      "outputs": [
        {
          "kind": "project-agent",
          "path": ".codex/agents/clark.toml"
        }
      ],
      "schema": "skillset-render-result@2",
      "sourcePath": ".skillset/agents/clark.md",
      "sourceUnit": "agent:clark",
      "status": "transformed",
      "target": "codex"
    },
    {
      "destination": "agent",
      "evidence": [
        {
          "kind": "docs",
          "ref": "docs/reference/features/agents.md"
        },
        {
          "kind": "provider-overlay",
          "note": "Claude subagent Markdown/frontmatter structure is currently documented in prose; no adopted JSON Schema source is available.",
          "ref": "claude-subagent-frontmatter-overlay"
        },
        {
          "kind": "provider-snapshot",
          "note": "sha256:41303616b5d8d8f13b01380d224e4687846dbf68ae5c4c3ddd1fb80f4762f95a",
          "ref": "claude-subagent",
          "verifiedAt": "2026-06-23"
        }
      ],
      "featureId": "project-agents",
      "outputs": [
        {
          "kind": "project-agent",
          "path": ".claude/agents/lewis.md"
        }
      ],
      "schema": "skillset-render-result@2",
      "sourcePath": ".skillset/agents/lewis.md",
      "sourceUnit": "agent:lewis",
      "status": "rendered",
      "target": "claude"
    },
    {
      "destination": "agent",
      "evidence": [
        {
          "kind": "docs",
          "ref": "docs/reference/features/agents.md"
        },
        {
          "kind": "provider-overlay",
          "note": "Codex custom agent TOML structure is currently documented in prose; no adopted JSON Schema source is available.",
          "ref": "codex-subagent-toml-overlay"
        },
        {
          "kind": "provider-snapshot",
          "note": "sha256:45166b628859b5cecc6d2ecd78561d4ad73e58c4ab7c4cfddda53a3365867cb6",
          "ref": "codex-subagent",
          "verifiedAt": "2026-06-23"
        }
      ],
      "featureId": "project-agents",
      "outputs": [
        {
          "kind": "project-agent",
          "path": ".codex/agents/lewis.toml"
        }
      ],
      "schema": "skillset-render-result@2",
      "sourcePath": ".skillset/agents/lewis.md",
      "sourceUnit": "agent:lewis",
      "status": "transformed",
      "target": "codex"
    },
    {
      "destination": "agent",
      "evidence": [
        {
          "kind": "docs",
          "ref": "docs/reference/features/agents.md"
        },
        {
          "kind": "provider-overlay",
          "note": "Claude subagent Markdown/frontmatter structure is currently documented in prose; no adopted JSON Schema source is available.",
          "ref": "claude-subagent-frontmatter-overlay"
        },
        {
          "kind": "provider-snapshot",
          "note": "sha256:41303616b5d8d8f13b01380d224e4687846dbf68ae5c4c3ddd1fb80f4762f95a",
          "ref": "claude-subagent",
          "verifiedAt": "2026-06-23"
        }
      ],
      "featureId": "project-agents",
      "outputs": [
        {
          "kind": "project-agent",
          "path": ".claude/agents/maintainer.md"
        }
      ],
      "schema": "skillset-render-result@2",
      "sourcePath": ".skillset/agents/maintainer.md",
      "sourceUnit": "agent:maintainer",
      "status": "rendered",
      "target": "claude"
    },
    {
      "destination": "agents",
      "evidence": [
        {
          "kind": "external-docs",
          "note": "Agent Plugins 1.0 1.0.0 schema",
          "ref": "https://raw.githubusercontent.com/agentplugins/agent-plugins-spec/1fc1b6270e3cc492ec2d24ad7a34277c6d53b9c1/schemas/1.0.0/mcp.schema.json",
          "verifiedAt": "2026-09-12T15:34:39.000Z"
        },
        {
          "kind": "external-docs",
          "note": "Agent Plugins 1.0 1.0.0 schema",
          "ref": "https://raw.githubusercontent.com/agentplugins/agent-plugins-spec/1fc1b6270e3cc492ec2d24ad7a34277c6d53b9c1/schemas/1.0.0/plugin.schema.json",
          "verifiedAt": "2026-09-12T15:34:39.000Z"
        },
        {
          "kind": "external-docs",
          "note": "Agent Plugins 1.0 1.0.0 specification",
          "ref": "https://raw.githubusercontent.com/agentplugins/agent-plugins-spec/1fc1b6270e3cc492ec2d24ad7a34277c6d53b9c1/spec/1.0.0.md",
          "verifiedAt": "2026-09-12T15:34:39.000Z"
        }
      ],
      "featureId": "plugin-agents",
      "policy": "unsupported:warn",
      "reason": "agent-plugins-1.0 does not declare plugin-agents in its support envelope",
      "schema": "skillset-render-result@2",
      "sourcePath": ".skillset/plugins/trails/agents",
      "sourceUnit": "plugin.trails.feature:agents",
      "standardProfile": "agent-plugins-1.0",
      "status": "unsupported"
    }
  ],
  "schemaVersion": 3,
  "selectedStandards": [
    "agent-plugins-1.0",
    "agent-skills"
  ],
  "selectedTargets": [
    "claude",
    "codex"
  ],
  "skillsetMetadata": true,
  "sourceRoot": ".skillset",
  "standardProfileEvidence": {
    "agent-plugins-1.0": "sha256:f1b89300d6c879de1c7a89f060faee2e6e6c76c71bbbcd9b0909d8ec00c18984",
    "agent-skills": "sha256:984d0c3d846d1a89cb0fdadb09f2bb82e476dd81217688cfeab3ecdee16e58b2"
  },
  "target": "workspace"
}
