{
  "buildMode": "all",
  "features": {
    "promptArguments": true
  },
  "generatedBy": "skillset@0.1.0",
  "items": [
    {
      "consumers": [
        {
          "phase": "baseline",
          "standardProfile": "agent-plugins-1.0"
        }
      ],
      "fileModes": {
        "trails/agents/LICENSE.txt": "0644",
        "trails/agents/README.md": "0644",
        "trails/agents/plugin.json": "0644"
      },
      "files": [
        "trails/agents/LICENSE.txt",
        "trails/agents/README.md",
        "trails/agents/plugin.json"
      ],
      "kind": "plugin",
      "name": "trails",
      "outputHash": "sha256:a9c410724db6e6014346c7585c0727016c3ff00a083a2ad0afe17e4b302c7b21",
      "outputPath": "trails/agents/plugin.json",
      "owner": {
        "standardProfile": "agent-plugins-1.0"
      },
      "renderInputsHash": "sha256:3b61ef08140d26b7fec251532102bcddf1b8e7560fdf28234f37a5d04e507072",
      "sourceHash": "sha256:e82d1258e9c825ec848388bd5286e56bec4a0636c6171fe437fc63c425953f78",
      "sourcePath": ".skillset/plugins/trails",
      "targetState": "sync",
      "validation": "structured",
      "version": "0.3.4"
    },
    {
      "consumers": [
        {
          "phase": "baseline",
          "standardProfile": "agent-plugins-1.0"
        }
      ],
      "fileModes": {
        "trails/agents/skills/trails-derive-from-source/LICENSE.txt": "0644",
        "trails/agents/skills/trails-derive-from-source/SKILL.md": "0644"
      },
      "files": [
        "trails/agents/skills/trails-derive-from-source/LICENSE.txt",
        "trails/agents/skills/trails-derive-from-source/SKILL.md"
      ],
      "kind": "plugin-skill",
      "name": "trails-derive-from-source",
      "outputHash": "sha256:cadd423d6c50c4e8a5ff944ab9c7c077be516104a93101a5805b784436e3f004",
      "outputPath": "trails/agents/skills/trails-derive-from-source/SKILL.md",
      "owner": {
        "standardProfile": "agent-plugins-1.0"
      },
      "plugin": "trails",
      "sourceHash": "sha256:94e92882654deb70593cdaf4e55d4899053beaf1f32a1e220ced916bdd809b5e",
      "sourcePath": ".skillset/plugins/trails/skills/trails-derive-from-source/SKILL.md",
      "version": "0.3.4"
    },
    {
      "consumers": [
        {
          "phase": "baseline",
          "standardProfile": "agent-plugins-1.0"
        }
      ],
      "fileModes": {
        "trails/agents/skills/trails-discriminate-union/LICENSE.txt": "0644",
        "trails/agents/skills/trails-discriminate-union/SKILL.md": "0644"
      },
      "files": [
        "trails/agents/skills/trails-discriminate-union/LICENSE.txt",
        "trails/agents/skills/trails-discriminate-union/SKILL.md"
      ],
      "kind": "plugin-skill",
      "name": "trails-discriminate-union",
      "outputHash": "sha256:1eb5b4b85a5d213f0d239e1f42fde6c534912569a59ba8f3a911e146f8b20c0f",
      "outputPath": "trails/agents/skills/trails-discriminate-union/SKILL.md",
      "owner": {
        "standardProfile": "agent-plugins-1.0"
      },
      "plugin": "trails",
      "sourceHash": "sha256:2dfc3a8c32a74705d8c95750374c6aa783a7e38315660e5dbbe5a1aff7881c9a",
      "sourcePath": ".skillset/plugins/trails/skills/trails-discriminate-union/SKILL.md",
      "version": "0.3.4"
    },
    {
      "consumers": [
        {
          "phase": "baseline",
          "standardProfile": "agent-plugins-1.0"
        }
      ],
      "fileModes": {
        "trails/agents/skills/trails-dogfood-check/LICENSE.txt": "0644",
        "trails/agents/skills/trails-dogfood-check/SKILL.md": "0644"
      },
      "files": [
        "trails/agents/skills/trails-dogfood-check/LICENSE.txt",
        "trails/agents/skills/trails-dogfood-check/SKILL.md"
      ],
      "kind": "plugin-skill",
      "name": "trails-dogfood-check",
      "outputHash": "sha256:09298d2e3d76c5f1490ba8584603a39f15060ae31774e55f1fbfe4ed9924c27f",
      "outputPath": "trails/agents/skills/trails-dogfood-check/SKILL.md",
      "owner": {
        "standardProfile": "agent-plugins-1.0"
      },
      "plugin": "trails",
      "sourceHash": "sha256:4c1b22398af84938656d3f74a381b22bd90198aa0ba4746c2348b931fee2aad3",
      "sourcePath": ".skillset/plugins/trails/skills/trails-dogfood-check/SKILL.md",
      "version": "0.3.4"
    },
    {
      "consumers": [
        {
          "phase": "baseline",
          "standardProfile": "agent-plugins-1.0"
        }
      ],
      "fileModes": {
        "trails/agents/skills/trails-editorial/LICENSE.txt": "0644",
        "trails/agents/skills/trails-editorial/SKILL.md": "0644"
      },
      "files": [
        "trails/agents/skills/trails-editorial/LICENSE.txt",
        "trails/agents/skills/trails-editorial/SKILL.md"
      ],
      "kind": "plugin-skill",
      "name": "trails-editorial",
      "outputHash": "sha256:8e67dddd82166ed1fe4d96e0b5fb64205e42df29cdca034cb5fe9aedec120280",
      "outputPath": "trails/agents/skills/trails-editorial/SKILL.md",
      "owner": {
        "standardProfile": "agent-plugins-1.0"
      },
      "plugin": "trails",
      "sourceHash": "sha256:efb37a17484a9d78efb7e3e7defac8ab3f31bf02c6bccd1e3ab9e52c776be233",
      "sourcePath": ".skillset/plugins/trails/skills/trails-editorial/SKILL.md",
      "version": "0.3.4"
    },
    {
      "consumers": [
        {
          "phase": "baseline",
          "standardProfile": "agent-plugins-1.0"
        }
      ],
      "fileModes": {
        "trails/agents/skills/trails-error-format/LICENSE.txt": "0644",
        "trails/agents/skills/trails-error-format/SKILL.md": "0644"
      },
      "files": [
        "trails/agents/skills/trails-error-format/LICENSE.txt",
        "trails/agents/skills/trails-error-format/SKILL.md"
      ],
      "kind": "plugin-skill",
      "name": "trails-error-format",
      "outputHash": "sha256:ef6476f33ce9f5b9491efa43bed5d25093ff7c65db8ff0aaaebfbbdbf347f4d1",
      "outputPath": "trails/agents/skills/trails-error-format/SKILL.md",
      "owner": {
        "standardProfile": "agent-plugins-1.0"
      },
      "plugin": "trails",
      "sourceHash": "sha256:4dc0e98f95e0a934da64dee59d2674ca2c76e4b3982f55053d9b08c01a528855",
      "sourcePath": ".skillset/plugins/trails/skills/trails-error-format/SKILL.md",
      "version": "0.3.4"
    },
    {
      "consumers": [
        {
          "phase": "baseline",
          "standardProfile": "agent-plugins-1.0"
        }
      ],
      "fileModes": {
        "trails/agents/skills/trails-language-styleguide/LICENSE.txt": "0644",
        "trails/agents/skills/trails-language-styleguide/SKILL.md": "0644"
      },
      "files": [
        "trails/agents/skills/trails-language-styleguide/LICENSE.txt",
        "trails/agents/skills/trails-language-styleguide/SKILL.md"
      ],
      "kind": "plugin-skill",
      "name": "trails-language-styleguide",
      "outputHash": "sha256:57c1c8503a85774d949f2971c72f57fc6e14f6f4ecc8c00aedb28b3768007442",
      "outputPath": "trails/agents/skills/trails-language-styleguide/SKILL.md",
      "owner": {
        "standardProfile": "agent-plugins-1.0"
      },
      "plugin": "trails",
      "sourceHash": "sha256:75e6cfb200f2af513348628446b32cf6dcffddaa538828002d32bef23aae22e2",
      "sourcePath": ".skillset/plugins/trails/skills/trails-language-styleguide/SKILL.md",
      "version": "0.3.4"
    },
    {
      "consumers": [
        {
          "phase": "baseline",
          "standardProfile": "agent-plugins-1.0"
        }
      ],
      "fileModes": {
        "trails/agents/skills/trails-primitive-parity/LICENSE.txt": "0644",
        "trails/agents/skills/trails-primitive-parity/SKILL.md": "0644"
      },
      "files": [
        "trails/agents/skills/trails-primitive-parity/LICENSE.txt",
        "trails/agents/skills/trails-primitive-parity/SKILL.md"
      ],
      "kind": "plugin-skill",
      "name": "trails-primitive-parity",
      "outputHash": "sha256:75b646b56471d03820d5da6a38b6a381c5eb6c782d8e2f6428abb0ae17933c39",
      "outputPath": "trails/agents/skills/trails-primitive-parity/SKILL.md",
      "owner": {
        "standardProfile": "agent-plugins-1.0"
      },
      "plugin": "trails",
      "sourceHash": "sha256:3919621ac3291e5aa54f3e1f034de8597c01fd77e936be410244c19c9ab9adff",
      "sourcePath": ".skillset/plugins/trails/skills/trails-primitive-parity/SKILL.md",
      "version": "0.3.4"
    },
    {
      "consumers": [
        {
          "phase": "baseline",
          "standardProfile": "agent-plugins-1.0"
        }
      ],
      "fileModes": {
        "trails/agents/skills/trails-warden-advisory/LICENSE.txt": "0644",
        "trails/agents/skills/trails-warden-advisory/SKILL.md": "0644"
      },
      "files": [
        "trails/agents/skills/trails-warden-advisory/LICENSE.txt",
        "trails/agents/skills/trails-warden-advisory/SKILL.md"
      ],
      "kind": "plugin-skill",
      "name": "trails-warden-advisory",
      "outputHash": "sha256:293a4bd91ed9da58cb218a492f7b032c09f909908cff1ff887e9e2075fa475de",
      "outputPath": "trails/agents/skills/trails-warden-advisory/SKILL.md",
      "owner": {
        "standardProfile": "agent-plugins-1.0"
      },
      "plugin": "trails",
      "sourceHash": "sha256:73e8964adba7429f12cc6415bea69be15f6d7f00b0893f1d35c9b89dbaa12da9",
      "sourcePath": ".skillset/plugins/trails/skills/trails-warden-advisory/SKILL.md",
      "version": "0.3.4"
    },
    {
      "consumers": [
        {
          "phase": "baseline",
          "standardProfile": "agent-plugins-1.0"
        }
      ],
      "fileModes": {
        "trails/agents/skills/trails-writing-docs/LICENSE.txt": "0644",
        "trails/agents/skills/trails-writing-docs/SKILL.md": "0644"
      },
      "files": [
        "trails/agents/skills/trails-writing-docs/LICENSE.txt",
        "trails/agents/skills/trails-writing-docs/SKILL.md"
      ],
      "kind": "plugin-skill",
      "name": "trails-writing-docs",
      "outputHash": "sha256:c2f9610c8f4b0612dba6ae5a2ef9843b79c1d7d2152d077de5c716aa9a140426",
      "outputPath": "trails/agents/skills/trails-writing-docs/SKILL.md",
      "owner": {
        "standardProfile": "agent-plugins-1.0"
      },
      "plugin": "trails",
      "sourceHash": "sha256:cc0aada95cb6665ebd12a00e6eccf98acba09ac53c09c6ec750ec8de5e74c53f",
      "sourcePath": ".skillset/plugins/trails/skills/trails-writing-docs/SKILL.md",
      "version": "0.3.4"
    },
    {
      "consumers": [
        {
          "phase": "baseline",
          "standardProfile": "agent-plugins-1.0"
        }
      ],
      "fileModes": {
        "trails/agents/skills/trails-writing-style/LICENSE.txt": "0644",
        "trails/agents/skills/trails-writing-style/SKILL.md": "0644",
        "trails/agents/skills/trails-writing-style/assets/SAMPLES.md": "0644"
      },
      "files": [
        "trails/agents/skills/trails-writing-style/LICENSE.txt",
        "trails/agents/skills/trails-writing-style/SKILL.md",
        "trails/agents/skills/trails-writing-style/assets/SAMPLES.md"
      ],
      "kind": "plugin-skill",
      "name": "trails-writing-style",
      "outputHash": "sha256:3b9c10be542f476b2fb69a1a8c7a40ba4a25fbb7b7bf2d2961d7fe26804af27d",
      "outputPath": "trails/agents/skills/trails-writing-style/SKILL.md",
      "owner": {
        "standardProfile": "agent-plugins-1.0"
      },
      "plugin": "trails",
      "sourceHash": "sha256:886c26208fc4f3eb578fd52f8b194c941c3a6e168b75c3851a731c134d56ed74",
      "sourcePath": ".skillset/plugins/trails/skills/trails-writing-style/SKILL.md",
      "version": "0.3.4"
    },
    {
      "consumers": [
        {
          "phase": "baseline",
          "standardProfile": "agent-plugins-1.0"
        }
      ],
      "fileModes": {
        "trails/agents/skills/trails-writing-voice/LICENSE.txt": "0644",
        "trails/agents/skills/trails-writing-voice/SKILL.md": "0644"
      },
      "files": [
        "trails/agents/skills/trails-writing-voice/LICENSE.txt",
        "trails/agents/skills/trails-writing-voice/SKILL.md"
      ],
      "kind": "plugin-skill",
      "name": "trails-writing-voice",
      "outputHash": "sha256:9a7e1241402d563c2130522c747da34c5e14bb2a7a6996c6eb4cd61378c58586",
      "outputPath": "trails/agents/skills/trails-writing-voice/SKILL.md",
      "owner": {
        "standardProfile": "agent-plugins-1.0"
      },
      "plugin": "trails",
      "sourceHash": "sha256:7988e061724b6cce0bf6c0e64607f7c56d695a3dff76096cfce62be675b53749",
      "sourcePath": ".skillset/plugins/trails/skills/trails-writing-voice/SKILL.md",
      "version": "0.3.4"
    },
    {
      "consumers": [
        {
          "phase": "baseline",
          "standardProfile": "agent-plugins-1.0"
        }
      ],
      "fileModes": {
        "trails/agents/skills/trails/LICENSE.txt": "0644",
        "trails/agents/skills/trails/SKILL.md": "0644",
        "trails/agents/skills/trails/examples/cli-command.md": "0644",
        "trails/agents/skills/trails/examples/composition.md": "0644",
        "trails/agents/skills/trails/examples/express-handler.md": "0644",
        "trails/agents/skills/trails/examples/mcp-tool.md": "0644",
        "trails/agents/skills/trails/examples/patterns.md": "0644",
        "trails/agents/skills/trails/references/architecture.md": "0644",
        "trails/agents/skills/trails/references/cli-surface.md": "0644",
        "trails/agents/skills/trails/references/common-pitfalls.md": "0644",
        "trails/agents/skills/trails/references/contract-patterns.md": "0644",
        "trails/agents/skills/trails/references/error-taxonomy.md": "0644",
        "trails/agents/skills/trails/references/getting-started.md": "0644",
        "trails/agents/skills/trails/references/http-surface.md": "0644",
        "trails/agents/skills/trails/references/mcp-surface.md": "0644",
        "trails/agents/skills/trails/references/migration-checklist.md": "0644",
        "trails/agents/skills/trails/references/testing-patterns.md": "0644",
        "trails/agents/skills/trails/references/warden-guide.md": "0644",
        "trails/agents/skills/trails/templates/composition.md": "0644",
        "trails/agents/skills/trails/templates/trail.md": "0644"
      },
      "files": [
        "trails/agents/skills/trails/LICENSE.txt",
        "trails/agents/skills/trails/SKILL.md",
        "trails/agents/skills/trails/examples/cli-command.md",
        "trails/agents/skills/trails/examples/composition.md",
        "trails/agents/skills/trails/examples/express-handler.md",
        "trails/agents/skills/trails/examples/mcp-tool.md",
        "trails/agents/skills/trails/examples/patterns.md",
        "trails/agents/skills/trails/references/architecture.md",
        "trails/agents/skills/trails/references/cli-surface.md",
        "trails/agents/skills/trails/references/common-pitfalls.md",
        "trails/agents/skills/trails/references/contract-patterns.md",
        "trails/agents/skills/trails/references/error-taxonomy.md",
        "trails/agents/skills/trails/references/getting-started.md",
        "trails/agents/skills/trails/references/http-surface.md",
        "trails/agents/skills/trails/references/mcp-surface.md",
        "trails/agents/skills/trails/references/migration-checklist.md",
        "trails/agents/skills/trails/references/testing-patterns.md",
        "trails/agents/skills/trails/references/warden-guide.md",
        "trails/agents/skills/trails/templates/composition.md",
        "trails/agents/skills/trails/templates/trail.md"
      ],
      "kind": "plugin-skill",
      "name": "trails",
      "outputHash": "sha256:ce6fa5f113c3899b929eb19cef9a67266019a00c157635d7b2da1e392c890a88",
      "outputPath": "trails/agents/skills/trails/SKILL.md",
      "owner": {
        "standardProfile": "agent-plugins-1.0"
      },
      "plugin": "trails",
      "sourceHash": "sha256:2538827aa9c22b76324929c1abc9d68acec1885eb5c4c788621d6a2569d538a0",
      "sourcePath": ".skillset/plugins/trails/skills/trails/SKILL.md",
      "version": "0.3.4"
    }
  ],
  "outputRoot": "plugins",
  "provenanceHash": "sha256:ea2dfc0a3775ab78d9538721016aa02617453b68390353e23b589ef2ff5c936b",
  "renderResults": [
    {
      "destination": "plugin-manifest",
      "evidence": [
        {
          "kind": "external-docs",
          "note": "Agent Plugins 1.0 1.0.0 schema",
          "ref": "https://raw.githubusercontent.com/agentplugins/agent-plugins-spec/1fc1b6270e3cc492ec2d24ad7a34277c6d53b9c1/schemas/1.0.0/mcp.schema.json",
          "verifiedAt": "2026-09-12T15:34:39.000Z"
        },
        {
          "kind": "external-docs",
          "note": "Agent Plugins 1.0 1.0.0 schema",
          "ref": "https://raw.githubusercontent.com/agentplugins/agent-plugins-spec/1fc1b6270e3cc492ec2d24ad7a34277c6d53b9c1/schemas/1.0.0/plugin.schema.json",
          "verifiedAt": "2026-09-12T15:34:39.000Z"
        },
        {
          "kind": "external-docs",
          "note": "Agent Plugins 1.0 1.0.0 specification",
          "ref": "https://raw.githubusercontent.com/agentplugins/agent-plugins-spec/1fc1b6270e3cc492ec2d24ad7a34277c6d53b9c1/spec/1.0.0.md",
          "verifiedAt": "2026-09-12T15:34:39.000Z"
        }
      ],
      "featureId": "plugin-manifests",
      "outputs": [
        {
          "kind": "plugin",
          "path": "plugins/trails/agents/LICENSE.txt"
        },
        {
          "kind": "plugin",
          "path": "plugins/trails/agents/plugin.json"
        }
      ],
      "schema": "skillset-render-result@2",
      "sourcePath": ".skillset/plugins/trails",
      "sourceUnit": "plugin.trails.config:root",
      "standardProfile": "agent-plugins-1.0",
      "status": "rendered"
    },
    {
      "destination": "agents",
      "evidence": [
        {
          "kind": "external-docs",
          "note": "Agent Plugins 1.0 1.0.0 schema",
          "ref": "https://raw.githubusercontent.com/agentplugins/agent-plugins-spec/1fc1b6270e3cc492ec2d24ad7a34277c6d53b9c1/schemas/1.0.0/mcp.schema.json",
          "verifiedAt": "2026-09-12T15:34:39.000Z"
        },
        {
          "kind": "external-docs",
          "note": "Agent Plugins 1.0 1.0.0 schema",
          "ref": "https://raw.githubusercontent.com/agentplugins/agent-plugins-spec/1fc1b6270e3cc492ec2d24ad7a34277c6d53b9c1/schemas/1.0.0/plugin.schema.json",
          "verifiedAt": "2026-09-12T15:34:39.000Z"
        },
        {
          "kind": "external-docs",
          "note": "Agent Plugins 1.0 1.0.0 specification",
          "ref": "https://raw.githubusercontent.com/agentplugins/agent-plugins-spec/1fc1b6270e3cc492ec2d24ad7a34277c6d53b9c1/spec/1.0.0.md",
          "verifiedAt": "2026-09-12T15:34:39.000Z"
        }
      ],
      "featureId": "plugin-agents",
      "policy": "unsupported:warn",
      "reason": "agent-plugins-1.0 does not declare plugin-agents in its support envelope",
      "schema": "skillset-render-result@2",
      "sourcePath": ".skillset/plugins/trails/agents",
      "sourceUnit": "plugin.trails.feature:agents",
      "standardProfile": "agent-plugins-1.0",
      "status": "unsupported"
    },
    {
      "destination": "skill",
      "evidence": [
        {
          "kind": "external-docs",
          "note": "Agent Plugins 1.0 1.0.0 schema",
          "ref": "https://raw.githubusercontent.com/agentplugins/agent-plugins-spec/1fc1b6270e3cc492ec2d24ad7a34277c6d53b9c1/schemas/1.0.0/mcp.schema.json",
          "verifiedAt": "2026-09-12T15:34:39.000Z"
        },
        {
          "kind": "external-docs",
          "note": "Agent Plugins 1.0 1.0.0 schema",
          "ref": "https://raw.githubusercontent.com/agentplugins/agent-plugins-spec/1fc1b6270e3cc492ec2d24ad7a34277c6d53b9c1/schemas/1.0.0/plugin.schema.json",
          "verifiedAt": "2026-09-12T15:34:39.000Z"
        },
        {
          "kind": "external-docs",
          "note": "Agent Plugins 1.0 1.0.0 specification",
          "ref": "https://raw.githubusercontent.com/agentplugins/agent-plugins-spec/1fc1b6270e3cc492ec2d24ad7a34277c6d53b9c1/spec/1.0.0.md",
          "verifiedAt": "2026-09-12T15:34:39.000Z"
        }
      ],
      "featureId": "plugin-skills",
      "outputs": [
        {
          "kind": "plugin-skill",
          "path": "plugins/trails/agents/skills/trails/LICENSE.txt"
        },
        {
          "kind": "plugin-skill",
          "path": "plugins/trails/agents/skills/trails/SKILL.md"
        },
        {
          "kind": "plugin-skill",
          "path": "plugins/trails/agents/skills/trails/examples/cli-command.md"
        },
        {
          "kind": "plugin-skill",
          "path": "plugins/trails/agents/skills/trails/examples/composition.md"
        },
        {
          "kind": "plugin-skill",
          "path": "plugins/trails/agents/skills/trails/examples/express-handler.md"
        },
        {
          "kind": "plugin-skill",
          "path": "plugins/trails/agents/skills/trails/examples/mcp-tool.md"
        },
        {
          "kind": "plugin-skill",
          "path": "plugins/trails/agents/skills/trails/examples/patterns.md"
        },
        {
          "kind": "plugin-skill",
          "path": "plugins/trails/agents/skills/trails/references/architecture.md"
        },
        {
          "kind": "plugin-skill",
          "path": "plugins/trails/agents/skills/trails/references/cli-surface.md"
        },
        {
          "kind": "plugin-skill",
          "path": "plugins/trails/agents/skills/trails/references/common-pitfalls.md"
        },
        {
          "kind": "plugin-skill",
          "path": "plugins/trails/agents/skills/trails/references/contract-patterns.md"
        },
        {
          "kind": "plugin-skill",
          "path": "plugins/trails/agents/skills/trails/references/error-taxonomy.md"
        },
        {
          "kind": "plugin-skill",
          "path": "plugins/trails/agents/skills/trails/references/getting-started.md"
        },
        {
          "kind": "plugin-skill",
          "path": "plugins/trails/agents/skills/trails/references/http-surface.md"
        },
        {
          "kind": "plugin-skill",
          "path": "plugins/trails/agents/skills/trails/references/mcp-surface.md"
        },
        {
          "kind": "plugin-skill",
          "path": "plugins/trails/agents/skills/trails/references/migration-checklist.md"
        },
        {
          "kind": "plugin-skill",
          "path": "plugins/trails/agents/skills/trails/references/testing-patterns.md"
        },
        {
          "kind": "plugin-skill",
          "path": "plugins/trails/agents/skills/trails/references/warden-guide.md"
        },
        {
          "kind": "plugin-skill",
          "path": "plugins/trails/agents/skills/trails/templates/composition.md"
        },
        {
          "kind": "plugin-skill",
          "path": "plugins/trails/agents/skills/trails/templates/trail.md"
        }
      ],
      "schema": "skillset-render-result@2",
      "sourcePath": ".skillset/plugins/trails/skills/trails/SKILL.md",
      "sourceUnit": "plugin.trails.skill:trails",
      "standardProfile": "agent-plugins-1.0",
      "status": "rendered"
    },
    {
      "destination": "skill",
      "evidence": [
        {
          "kind": "external-docs",
          "note": "Agent Plugins 1.0 1.0.0 schema",
          "ref": "https://raw.githubusercontent.com/agentplugins/agent-plugins-spec/1fc1b6270e3cc492ec2d24ad7a34277c6d53b9c1/schemas/1.0.0/mcp.schema.json",
          "verifiedAt": "2026-09-12T15:34:39.000Z"
        },
        {
          "kind": "external-docs",
          "note": "Agent Plugins 1.0 1.0.0 schema",
          "ref": "https://raw.githubusercontent.com/agentplugins/agent-plugins-spec/1fc1b6270e3cc492ec2d24ad7a34277c6d53b9c1/schemas/1.0.0/plugin.schema.json",
          "verifiedAt": "2026-09-12T15:34:39.000Z"
        },
        {
          "kind": "external-docs",
          "note": "Agent Plugins 1.0 1.0.0 specification",
          "ref": "https://raw.githubusercontent.com/agentplugins/agent-plugins-spec/1fc1b6270e3cc492ec2d24ad7a34277c6d53b9c1/spec/1.0.0.md",
          "verifiedAt": "2026-09-12T15:34:39.000Z"
        }
      ],
      "featureId": "plugin-skills",
      "outputs": [
        {
          "kind": "plugin-skill",
          "path": "plugins/trails/agents/skills/trails-derive-from-source/LICENSE.txt"
        },
        {
          "kind": "plugin-skill",
          "path": "plugins/trails/agents/skills/trails-derive-from-source/SKILL.md"
        }
      ],
      "schema": "skillset-render-result@2",
      "sourcePath": ".skillset/plugins/trails/skills/trails-derive-from-source/SKILL.md",
      "sourceUnit": "plugin.trails.skill:trails-derive-from-source",
      "standardProfile": "agent-plugins-1.0",
      "status": "rendered"
    },
    {
      "destination": "skill",
      "evidence": [
        {
          "kind": "external-docs",
          "note": "Agent Plugins 1.0 1.0.0 schema",
          "ref": "https://raw.githubusercontent.com/agentplugins/agent-plugins-spec/1fc1b6270e3cc492ec2d24ad7a34277c6d53b9c1/schemas/1.0.0/mcp.schema.json",
          "verifiedAt": "2026-09-12T15:34:39.000Z"
        },
        {
          "kind": "external-docs",
          "note": "Agent Plugins 1.0 1.0.0 schema",
          "ref": "https://raw.githubusercontent.com/agentplugins/agent-plugins-spec/1fc1b6270e3cc492ec2d24ad7a34277c6d53b9c1/schemas/1.0.0/plugin.schema.json",
          "verifiedAt": "2026-09-12T15:34:39.000Z"
        },
        {
          "kind": "external-docs",
          "note": "Agent Plugins 1.0 1.0.0 specification",
          "ref": "https://raw.githubusercontent.com/agentplugins/agent-plugins-spec/1fc1b6270e3cc492ec2d24ad7a34277c6d53b9c1/spec/1.0.0.md",
          "verifiedAt": "2026-09-12T15:34:39.000Z"
        }
      ],
      "featureId": "plugin-skills",
      "outputs": [
        {
          "kind": "plugin-skill",
          "path": "plugins/trails/agents/skills/trails-discriminate-union/LICENSE.txt"
        },
        {
          "kind": "plugin-skill",
          "path": "plugins/trails/agents/skills/trails-discriminate-union/SKILL.md"
        }
      ],
      "schema": "skillset-render-result@2",
      "sourcePath": ".skillset/plugins/trails/skills/trails-discriminate-union/SKILL.md",
      "sourceUnit": "plugin.trails.skill:trails-discriminate-union",
      "standardProfile": "agent-plugins-1.0",
      "status": "rendered"
    },
    {
      "destination": "skill",
      "evidence": [
        {
          "kind": "external-docs",
          "note": "Agent Plugins 1.0 1.0.0 schema",
          "ref": "https://raw.githubusercontent.com/agentplugins/agent-plugins-spec/1fc1b6270e3cc492ec2d24ad7a34277c6d53b9c1/schemas/1.0.0/mcp.schema.json",
          "verifiedAt": "2026-09-12T15:34:39.000Z"
        },
        {
          "kind": "external-docs",
          "note": "Agent Plugins 1.0 1.0.0 schema",
          "ref": "https://raw.githubusercontent.com/agentplugins/agent-plugins-spec/1fc1b6270e3cc492ec2d24ad7a34277c6d53b9c1/schemas/1.0.0/plugin.schema.json",
          "verifiedAt": "2026-09-12T15:34:39.000Z"
        },
        {
          "kind": "external-docs",
          "note": "Agent Plugins 1.0 1.0.0 specification",
          "ref": "https://raw.githubusercontent.com/agentplugins/agent-plugins-spec/1fc1b6270e3cc492ec2d24ad7a34277c6d53b9c1/spec/1.0.0.md",
          "verifiedAt": "2026-09-12T15:34:39.000Z"
        }
      ],
      "featureId": "plugin-skills",
      "outputs": [
        {
          "kind": "plugin-skill",
          "path": "plugins/trails/agents/skills/trails-dogfood-check/LICENSE.txt"
        },
        {
          "kind": "plugin-skill",
          "path": "plugins/trails/agents/skills/trails-dogfood-check/SKILL.md"
        }
      ],
      "schema": "skillset-render-result@2",
      "sourcePath": ".skillset/plugins/trails/skills/trails-dogfood-check/SKILL.md",
      "sourceUnit": "plugin.trails.skill:trails-dogfood-check",
      "standardProfile": "agent-plugins-1.0",
      "status": "rendered"
    },
    {
      "destination": "skill",
      "evidence": [
        {
          "kind": "external-docs",
          "note": "Agent Plugins 1.0 1.0.0 schema",
          "ref": "https://raw.githubusercontent.com/agentplugins/agent-plugins-spec/1fc1b6270e3cc492ec2d24ad7a34277c6d53b9c1/schemas/1.0.0/mcp.schema.json",
          "verifiedAt": "2026-09-12T15:34:39.000Z"
        },
        {
          "kind": "external-docs",
          "note": "Agent Plugins 1.0 1.0.0 schema",
          "ref": "https://raw.githubusercontent.com/agentplugins/agent-plugins-spec/1fc1b6270e3cc492ec2d24ad7a34277c6d53b9c1/schemas/1.0.0/plugin.schema.json",
          "verifiedAt": "2026-09-12T15:34:39.000Z"
        },
        {
          "kind": "external-docs",
          "note": "Agent Plugins 1.0 1.0.0 specification",
          "ref": "https://raw.githubusercontent.com/agentplugins/agent-plugins-spec/1fc1b6270e3cc492ec2d24ad7a34277c6d53b9c1/spec/1.0.0.md",
          "verifiedAt": "2026-09-12T15:34:39.000Z"
        }
      ],
      "featureId": "plugin-skills",
      "outputs": [
        {
          "kind": "plugin-skill",
          "path": "plugins/trails/agents/skills/trails-editorial/LICENSE.txt"
        },
        {
          "kind": "plugin-skill",
          "path": "plugins/trails/agents/skills/trails-editorial/SKILL.md"
        }
      ],
      "schema": "skillset-render-result@2",
      "sourcePath": ".skillset/plugins/trails/skills/trails-editorial/SKILL.md",
      "sourceUnit": "plugin.trails.skill:trails-editorial",
      "standardProfile": "agent-plugins-1.0",
      "status": "rendered"
    },
    {
      "destination": "skill",
      "evidence": [
        {
          "kind": "external-docs",
          "note": "Agent Plugins 1.0 1.0.0 schema",
          "ref": "https://raw.githubusercontent.com/agentplugins/agent-plugins-spec/1fc1b6270e3cc492ec2d24ad7a34277c6d53b9c1/schemas/1.0.0/mcp.schema.json",
          "verifiedAt": "2026-09-12T15:34:39.000Z"
        },
        {
          "kind": "external-docs",
          "note": "Agent Plugins 1.0 1.0.0 schema",
          "ref": "https://raw.githubusercontent.com/agentplugins/agent-plugins-spec/1fc1b6270e3cc492ec2d24ad7a34277c6d53b9c1/schemas/1.0.0/plugin.schema.json",
          "verifiedAt": "2026-09-12T15:34:39.000Z"
        },
        {
          "kind": "external-docs",
          "note": "Agent Plugins 1.0 1.0.0 specification",
          "ref": "https://raw.githubusercontent.com/agentplugins/agent-plugins-spec/1fc1b6270e3cc492ec2d24ad7a34277c6d53b9c1/spec/1.0.0.md",
          "verifiedAt": "2026-09-12T15:34:39.000Z"
        }
      ],
      "featureId": "plugin-skills",
      "outputs": [
        {
          "kind": "plugin-skill",
          "path": "plugins/trails/agents/skills/trails-error-format/LICENSE.txt"
        },
        {
          "kind": "plugin-skill",
          "path": "plugins/trails/agents/skills/trails-error-format/SKILL.md"
        }
      ],
      "schema": "skillset-render-result@2",
      "sourcePath": ".skillset/plugins/trails/skills/trails-error-format/SKILL.md",
      "sourceUnit": "plugin.trails.skill:trails-error-format",
      "standardProfile": "agent-plugins-1.0",
      "status": "rendered"
    },
    {
      "destination": "skill",
      "evidence": [
        {
          "kind": "external-docs",
          "note": "Agent Plugins 1.0 1.0.0 schema",
          "ref": "https://raw.githubusercontent.com/agentplugins/agent-plugins-spec/1fc1b6270e3cc492ec2d24ad7a34277c6d53b9c1/schemas/1.0.0/mcp.schema.json",
          "verifiedAt": "2026-09-12T15:34:39.000Z"
        },
        {
          "kind": "external-docs",
          "note": "Agent Plugins 1.0 1.0.0 schema",
          "ref": "https://raw.githubusercontent.com/agentplugins/agent-plugins-spec/1fc1b6270e3cc492ec2d24ad7a34277c6d53b9c1/schemas/1.0.0/plugin.schema.json",
          "verifiedAt": "2026-09-12T15:34:39.000Z"
        },
        {
          "kind": "external-docs",
          "note": "Agent Plugins 1.0 1.0.0 specification",
          "ref": "https://raw.githubusercontent.com/agentplugins/agent-plugins-spec/1fc1b6270e3cc492ec2d24ad7a34277c6d53b9c1/spec/1.0.0.md",
          "verifiedAt": "2026-09-12T15:34:39.000Z"
        }
      ],
      "featureId": "plugin-skills",
      "outputs": [
        {
          "kind": "plugin-skill",
          "path": "plugins/trails/agents/skills/trails-language-styleguide/LICENSE.txt"
        },
        {
          "kind": "plugin-skill",
          "path": "plugins/trails/agents/skills/trails-language-styleguide/SKILL.md"
        }
      ],
      "schema": "skillset-render-result@2",
      "sourcePath": ".skillset/plugins/trails/skills/trails-language-styleguide/SKILL.md",
      "sourceUnit": "plugin.trails.skill:trails-language-styleguide",
      "standardProfile": "agent-plugins-1.0",
      "status": "rendered"
    },
    {
      "destination": "skill",
      "evidence": [
        {
          "kind": "external-docs",
          "note": "Agent Plugins 1.0 1.0.0 schema",
          "ref": "https://raw.githubusercontent.com/agentplugins/agent-plugins-spec/1fc1b6270e3cc492ec2d24ad7a34277c6d53b9c1/schemas/1.0.0/mcp.schema.json",
          "verifiedAt": "2026-09-12T15:34:39.000Z"
        },
        {
          "kind": "external-docs",
          "note": "Agent Plugins 1.0 1.0.0 schema",
          "ref": "https://raw.githubusercontent.com/agentplugins/agent-plugins-spec/1fc1b6270e3cc492ec2d24ad7a34277c6d53b9c1/schemas/1.0.0/plugin.schema.json",
          "verifiedAt": "2026-09-12T15:34:39.000Z"
        },
        {
          "kind": "external-docs",
          "note": "Agent Plugins 1.0 1.0.0 specification",
          "ref": "https://raw.githubusercontent.com/agentplugins/agent-plugins-spec/1fc1b6270e3cc492ec2d24ad7a34277c6d53b9c1/spec/1.0.0.md",
          "verifiedAt": "2026-09-12T15:34:39.000Z"
        }
      ],
      "featureId": "plugin-skills",
      "outputs": [
        {
          "kind": "plugin-skill",
          "path": "plugins/trails/agents/skills/trails-primitive-parity/LICENSE.txt"
        },
        {
          "kind": "plugin-skill",
          "path": "plugins/trails/agents/skills/trails-primitive-parity/SKILL.md"
        }
      ],
      "schema": "skillset-render-result@2",
      "sourcePath": ".skillset/plugins/trails/skills/trails-primitive-parity/SKILL.md",
      "sourceUnit": "plugin.trails.skill:trails-primitive-parity",
      "standardProfile": "agent-plugins-1.0",
      "status": "rendered"
    },
    {
      "destination": "skill",
      "evidence": [
        {
          "kind": "external-docs",
          "note": "Agent Plugins 1.0 1.0.0 schema",
          "ref": "https://raw.githubusercontent.com/agentplugins/agent-plugins-spec/1fc1b6270e3cc492ec2d24ad7a34277c6d53b9c1/schemas/1.0.0/mcp.schema.json",
          "verifiedAt": "2026-09-12T15:34:39.000Z"
        },
        {
          "kind": "external-docs",
          "note": "Agent Plugins 1.0 1.0.0 schema",
          "ref": "https://raw.githubusercontent.com/agentplugins/agent-plugins-spec/1fc1b6270e3cc492ec2d24ad7a34277c6d53b9c1/schemas/1.0.0/plugin.schema.json",
          "verifiedAt": "2026-09-12T15:34:39.000Z"
        },
        {
          "kind": "external-docs",
          "note": "Agent Plugins 1.0 1.0.0 specification",
          "ref": "https://raw.githubusercontent.com/agentplugins/agent-plugins-spec/1fc1b6270e3cc492ec2d24ad7a34277c6d53b9c1/spec/1.0.0.md",
          "verifiedAt": "2026-09-12T15:34:39.000Z"
        }
      ],
      "featureId": "plugin-skills",
      "outputs": [
        {
          "kind": "plugin-skill",
          "path": "plugins/trails/agents/skills/trails-warden-advisory/LICENSE.txt"
        },
        {
          "kind": "plugin-skill",
          "path": "plugins/trails/agents/skills/trails-warden-advisory/SKILL.md"
        }
      ],
      "schema": "skillset-render-result@2",
      "sourcePath": ".skillset/plugins/trails/skills/trails-warden-advisory/SKILL.md",
      "sourceUnit": "plugin.trails.skill:trails-warden-advisory",
      "standardProfile": "agent-plugins-1.0",
      "status": "rendered"
    },
    {
      "destination": "skill",
      "evidence": [
        {
          "kind": "external-docs",
          "note": "Agent Plugins 1.0 1.0.0 schema",
          "ref": "https://raw.githubusercontent.com/agentplugins/agent-plugins-spec/1fc1b6270e3cc492ec2d24ad7a34277c6d53b9c1/schemas/1.0.0/mcp.schema.json",
          "verifiedAt": "2026-09-12T15:34:39.000Z"
        },
        {
          "kind": "external-docs",
          "note": "Agent Plugins 1.0 1.0.0 schema",
          "ref": "https://raw.githubusercontent.com/agentplugins/agent-plugins-spec/1fc1b6270e3cc492ec2d24ad7a34277c6d53b9c1/schemas/1.0.0/plugin.schema.json",
          "verifiedAt": "2026-09-12T15:34:39.000Z"
        },
        {
          "kind": "external-docs",
          "note": "Agent Plugins 1.0 1.0.0 specification",
          "ref": "https://raw.githubusercontent.com/agentplugins/agent-plugins-spec/1fc1b6270e3cc492ec2d24ad7a34277c6d53b9c1/spec/1.0.0.md",
          "verifiedAt": "2026-09-12T15:34:39.000Z"
        }
      ],
      "featureId": "plugin-skills",
      "outputs": [
        {
          "kind": "plugin-skill",
          "path": "plugins/trails/agents/skills/trails-writing-docs/LICENSE.txt"
        },
        {
          "kind": "plugin-skill",
          "path": "plugins/trails/agents/skills/trails-writing-docs/SKILL.md"
        }
      ],
      "schema": "skillset-render-result@2",
      "sourcePath": ".skillset/plugins/trails/skills/trails-writing-docs/SKILL.md",
      "sourceUnit": "plugin.trails.skill:trails-writing-docs",
      "standardProfile": "agent-plugins-1.0",
      "status": "rendered"
    },
    {
      "destination": "skill",
      "evidence": [
        {
          "kind": "external-docs",
          "note": "Agent Plugins 1.0 1.0.0 schema",
          "ref": "https://raw.githubusercontent.com/agentplugins/agent-plugins-spec/1fc1b6270e3cc492ec2d24ad7a34277c6d53b9c1/schemas/1.0.0/mcp.schema.json",
          "verifiedAt": "2026-09-12T15:34:39.000Z"
        },
        {
          "kind": "external-docs",
          "note": "Agent Plugins 1.0 1.0.0 schema",
          "ref": "https://raw.githubusercontent.com/agentplugins/agent-plugins-spec/1fc1b6270e3cc492ec2d24ad7a34277c6d53b9c1/schemas/1.0.0/plugin.schema.json",
          "verifiedAt": "2026-09-12T15:34:39.000Z"
        },
        {
          "kind": "external-docs",
          "note": "Agent Plugins 1.0 1.0.0 specification",
          "ref": "https://raw.githubusercontent.com/agentplugins/agent-plugins-spec/1fc1b6270e3cc492ec2d24ad7a34277c6d53b9c1/spec/1.0.0.md",
          "verifiedAt": "2026-09-12T15:34:39.000Z"
        }
      ],
      "featureId": "plugin-skills",
      "outputs": [
        {
          "kind": "plugin-skill",
          "path": "plugins/trails/agents/skills/trails-writing-style/LICENSE.txt"
        },
        {
          "kind": "plugin-skill",
          "path": "plugins/trails/agents/skills/trails-writing-style/SKILL.md"
        },
        {
          "kind": "plugin-skill",
          "path": "plugins/trails/agents/skills/trails-writing-style/assets/SAMPLES.md"
        }
      ],
      "schema": "skillset-render-result@2",
      "sourcePath": ".skillset/plugins/trails/skills/trails-writing-style/SKILL.md",
      "sourceUnit": "plugin.trails.skill:trails-writing-style",
      "standardProfile": "agent-plugins-1.0",
      "status": "rendered"
    },
    {
      "destination": "skill",
      "evidence": [
        {
          "kind": "external-docs",
          "note": "Agent Plugins 1.0 1.0.0 schema",
          "ref": "https://raw.githubusercontent.com/agentplugins/agent-plugins-spec/1fc1b6270e3cc492ec2d24ad7a34277c6d53b9c1/schemas/1.0.0/mcp.schema.json",
          "verifiedAt": "2026-09-12T15:34:39.000Z"
        },
        {
          "kind": "external-docs",
          "note": "Agent Plugins 1.0 1.0.0 schema",
          "ref": "https://raw.githubusercontent.com/agentplugins/agent-plugins-spec/1fc1b6270e3cc492ec2d24ad7a34277c6d53b9c1/schemas/1.0.0/plugin.schema.json",
          "verifiedAt": "2026-09-12T15:34:39.000Z"
        },
        {
          "kind": "external-docs",
          "note": "Agent Plugins 1.0 1.0.0 specification",
          "ref": "https://raw.githubusercontent.com/agentplugins/agent-plugins-spec/1fc1b6270e3cc492ec2d24ad7a34277c6d53b9c1/spec/1.0.0.md",
          "verifiedAt": "2026-09-12T15:34:39.000Z"
        }
      ],
      "featureId": "plugin-skills",
      "outputs": [
        {
          "kind": "plugin-skill",
          "path": "plugins/trails/agents/skills/trails-writing-voice/LICENSE.txt"
        },
        {
          "kind": "plugin-skill",
          "path": "plugins/trails/agents/skills/trails-writing-voice/SKILL.md"
        }
      ],
      "schema": "skillset-render-result@2",
      "sourcePath": ".skillset/plugins/trails/skills/trails-writing-voice/SKILL.md",
      "sourceUnit": "plugin.trails.skill:trails-writing-voice",
      "standardProfile": "agent-plugins-1.0",
      "status": "rendered"
    }
  ],
  "schemaVersion": 3,
  "selectedStandards": [
    "agent-plugins-1.0",
    "agent-skills"
  ],
  "selectedTargets": [
    "claude",
    "codex"
  ],
  "skillsetMetadata": true,
  "sourceRoot": ".skillset",
  "standardProfileEvidence": {
    "agent-plugins-1.0": "sha256:f1b89300d6c879de1c7a89f060faee2e6e6c76c71bbbcd9b0909d8ec00c18984",
    "agent-skills": "sha256:984d0c3d846d1a89cb0fdadb09f2bb82e476dd81217688cfeab3ecdee16e58b2"
  },
  "target": "workspace"
}
